
Microsoft Visual Studio Solution File, Format Version 12.00
# Visual Studio Version 17
VisualStudioVersion = 17.2.32516.85
MinimumVisualStudioVersion = 10.0.40219.1
Project("{888888A0-9F3D-457C-B088-3A5042F75D52}") = "Connect4", "Connect4\Connect4.pyproj", "{DA50075D-C1DC-42CE-A898-8EDA3C44707F}"
EndProject
Global
	GlobalSection(SolutionConfigurationPlatforms) = preSolution
		Debug|Any CPU = Debug|Any CPU
		Release|Any CPU = Release|Any CPU
	EndGlobalSection
	GlobalSection(ProjectConfigurationPlatforms) = postSolution
		{DA50075D-C1DC-42CE-A898-8EDA3C44707F}.Debug|Any CPU.ActiveCfg = Debug|Any CPU
		{DA50075D-C1DC-42CE-A898-8EDA3C44707F}.Release|Any CPU.ActiveCfg = Release|Any CPU
	EndGlobalSection
	GlobalSection(SolutionProperties) = preSolution
		HideSolutionNode = FALSE
	EndGlobalSection
	GlobalSection(ExtensibilityGlobals) = postSolution
		SolutionGuid = {7FC21ED5-D301-466F-AD14-819DC57C07AC}
	EndGlobalSection
EndGlobal
